
Microsoft Visual Studio Solution File, Format Version 12.00
# Visual Studio Version 17
VisualStudioVersion = 17.9.34607.119
MinimumVisualStudioVersion = 10.0.40219.1
Project("{FAE04EC0-301F-11D3-BF4B-00C04F79EFBC}") = "GladyGivenWebAPI", "GladyGiven\GladyGivenWebAPI.csproj", "{A5E6B766-EABB-470D-933E-82099335E8F4}"
EndProject
Global
	GlobalSection(SolutionConfigurationPlatforms) = preSolution
		Debug|Any CPU = Debug|Any CPU
		Release|Any CPU = Release|Any CPU
	EndGlobalSection
	GlobalSection(ProjectConfigurationPlatforms) = postSolution
		{A5E6B766-EABB-470D-933E-82099335E8F4}.Debug|Any CPU.ActiveCfg = Debug|Any CPU
		{A5E6B766-EABB-470D-933E-82099335E8F4}.Debug|Any CPU.Build.0 = Debug|Any CPU
		{A5E6B766-EABB-470D-933E-82099335E8F4}.Release|Any CPU.ActiveCfg = Release|Any CPU
		{A5E6B766-EABB-470D-933E-82099335E8F4}.Release|Any CPU.Build.0 = Release|Any CPU
	EndGlobalSection
	GlobalSection(SolutionProperties) = preSolution
		HideSolutionNode = FALSE
	EndGlobalSection
	GlobalSection(ExtensibilityGlobals) = postSolution
		SolutionGuid = {538A6A1F-6761-45D5-B474-73522FD8CCD8}
	EndGlobalSection
EndGlobal
